
Microsoft Visual Studio Solution File, Format Version 12.00
# Visual Studio Version 16
VisualStudioVersion = 16.0.31205.134
MinimumVisualStudioVersion = 10.0.40219.1
Project("{9A19103F-16F7-4668-BE54-9A1E7A4F7556}") = "UdpTestServer", "UdpTestServer.csproj", "{8B9E958A-AE57-46D0-A240-9769218E2535}"
EndProject
Global
	GlobalSection(SolutionConfigurationPlatforms) = preSolution
		Debug|Any CPU = Debug|Any CPU
		Release|Any CPU = Release|Any CPU
	EndGlobalSection
	GlobalSection(ProjectConfigurationPlatforms) = postSolution
		{8B9E958A-AE57-46D0-A240-9769218E2535}.Debug|Any CPU.ActiveCfg = Debug|Any CPU
		{8B9E958A-AE57-46D0-A240-9769218E2535}.Debug|Any CPU.Build.0 = Debug|Any CPU
		{8B9E958A-AE57-46D0-A240-9769218E2535}.Release|Any CPU.ActiveCfg = Release|Any CPU
		{8B9E958A-AE57-46D0-A240-9769218E2535}.Release|Any CPU.Build.0 = Release|Any CPU
	EndGlobalSection
	GlobalSection(SolutionProperties) = preSolution
		HideSolutionNode = FALSE
	EndGlobalSection
	GlobalSection(ExtensibilityGlobals) = postSolution
		SolutionGuid = {C2DE181F-FB02-49BE-8878-4AB3C7421449}
	EndGlobalSection
EndGlobal
